// !$*UTF8*$!
{
	archiveVersion = 1;
	classes = {
	};
	objectVersion = 50;
	objects = {

/* Begin PBXBuildFile section */
		B0D3FD8B2268A6750077CAE6 /* AppDelegate.swift in Sources */ = {isa = PBXBuildFile; fileRef = B0D3FD8A2268A6750077CAE6 /* AppDelegate.swift */; };
		B0D3FD902268A6750077CAE6 /* Main.storyboard in Resources */ = {isa = PBXBuildFile; fileRef = B0D3FD8E2268A6750077CAE6 /* Main.storyboard */; };
		B0D3FD922268A6760077CAE6 /* Assets.xcassets in Resources */ = {isa = PBXBuildFile; fileRef = B0D3FD912268A6760077CAE6 /* Assets.xcassets */; };
		B0D3FD952268A6760077CAE6 /* LaunchScreen.storyboard in Resources */ = {isa = PBXBuildFile; fileRef = B0D3FD932268A6760077CAE6 /* LaunchScreen.storyboard */; };
		B0D3FD9D2268A74A0077CAE6 /* TableViewController.swift in Sources */ = {isa = PBXBuildFile; fileRef = B0D3FD9C2268A74A0077CAE6 /* TableViewController.swift */; };
		B0D3FD9F2268A8930077CAE6 /* Compose.swift in Sources */ = {isa = PBXBuildFile; fileRef = B0D3FD9E2268A8930077CAE6 /* Compose.swift */; };
/* End PBXBuildFile section */

/* Begin PBXFileReference section */
		B0D3FD872268A6750077CAE6 /* Compose.app */ = {isa = PBXFileReference; explicitFileType = wrapper.application; includeInIndex = 0; path = Compose.app; sourceTree = BUILT_PRODUCTS_DIR; };
		B0D3FD8A2268A6750077CAE6 /* AppDelegate.swift */ = {isa = PBXFileReference; lastKnownFileType = sourcecode.swift; path = AppDelegate.swift; sourceTree = "<group>"; };
		B0D3FD8F2268A6750077CAE6 /* Base */ = {isa = PBXFileReference; lastKnownFileType = file.storyboard; name = Base; path = Base.lproj/Main.storyboard; sourceTree = "<group>"; };
		B0D3FD912268A6760077CAE6 /* Assets.xcassets */ = {isa = PBXFileReference; lastKnownFileType = folder.assetcatalog; path = Assets.xcassets; sourceTree = "<group>"; };
		B0D3FD942268A6760077CAE6 /* Base */ = {isa = PBXFileReference; lastKnownFileType = file.storyboard; name = Base; path = Base.lproj/LaunchScreen.storyboard; sourceTree = "<group>"; };
		B0D3FD962268A6760077CAE6 /* Info.plist */ = {isa = PBXFileReference; lastKnownFileType = text.plist.xml; path = Info.plist; sourceTree = "<group>"; };
		B0D3FD9C2268A74A0077CAE6 /* TableViewController.swift */ = {isa = PBXFileReference; lastKnownFileType = sourcecode.swift; path = TableViewController.swift; sourceTree = "<group>"; };
		B0D3FD9E2268A8930077CAE6 /* Compose.swift */ = {isa = PBXFileReference; lastKnownFileType = sourcecode.swift; path = Compose.swift; sourceTree = "<group>"; };
/* End PBXFileReference section */

/* Begin PBXFrameworksBuildPhase section */
		B0D3FD842268A6750077CAE6 /* Frameworks */ = {
			isa = PBXFrameworksBuildPhase;
			buildActionMask = 2147483647;
			files = (
			);
			runOnlyForDeploymentPostprocessing = 0;
		};
/* End PBXFrameworksBuildPhase section */

/* Begin PBXGroup section */
		B0D3FD7E2268A6750077CAE6 = {
			isa = PBXGroup;
			children = (
				B0D3FD892268A6750077CAE6 /* Compose */,
				B0D3FD882268A6750077CAE6 /* Products */,
			);
			sourceTree = "<group>";
		};
		B0D3FD882268A6750077CAE6 /* Products */ = {
			isa = PBXGroup;
			children = (
				B0D3FD872268A6750077CAE6 /* Compose.app */,
			);
			name = Products;
			sourceTree = "<group>";
		};
		B0D3FD892268A6750077CAE6 /* Compose */ = {
			isa = PBXGroup;
			children = (
				B0D3FD8A2268A6750077CAE6 /* AppDelegate.swift */,
				B0D3FD9E2268A8930077CAE6 /* Compose.swift */,
				B0D3FD9C2268A74A0077CAE6 /* TableViewController.swift */,
				B0D3FD8E2268A6750077CAE6 /* Main.storyboard */,
				B0D3FD912268A6760077CAE6 /* Assets.xcassets */,
				B0D3FD932268A6760077CAE6 /* LaunchScreen.storyboard */,
				B0D3FD962268A6760077CAE6 /* Info.plist */,
			);
			path = Compose;
			sourceTree = "<group>";
		};
/* End PBXGroup section */

/* Begin PBXNativeTarget section */
		B0D3FD862268A6750077CAE6 /* Compose */ = {
			isa = PBXNativeTarget;
			buildConfigurationList = B0D3FD992268A6760077CAE6 /* Build configuration list for PBXNativeTarget "Compose" */;
			buildPhases = (
				B0D3FD832268A6750077CAE6 /* Sources */,
				B0D3FD842268A6750077CAE6 /* Frameworks */,
				B0D3FD852268A6750077CAE6 /* Resources */,
			);
			buildRules = (
			);
			dependencies = (
			);
			name = Compose;
			productName = Compose;
			productReference = B0D3FD872268A6750077CAE6 /* Compose.app */;
			productType = "com.apple.product-type.application";
		};
/* End PBXNativeTarget section */

/* Begin PBXProject section */
		B0D3FD7F2268A6750077CAE6 /* Project object */ = {
			isa = PBXProject;
			attributes = {
				LastSwiftUpdateCheck = 1020;
				LastUpgradeCheck = 1020;
				ORGANIZATIONNAME = "Maksim Nosov";
				TargetAttributes = {
					B0D3FD862268A6750077CAE6 = {
						CreatedOnToolsVersion = 10.2.1;
					};
				};
			};
			buildConfigurationList = B0D3FD822268A6750077CAE6 /* Build configuration list for PBXProject "Compose" */;
			compatibilityVersion = "Xcode 9.3";
			developmentRegion = en;
			hasScannedForEncodings = 0;
			knownRegions = (
				en,
				Base,
			);
			mainGroup = B0D3FD7E2268A6750077CAE6;
			productRefGroup = B0D3FD882268A6750077CAE6 /* Products */;
			projectDirPath = "";
			projectRoot = "";
			targets = (
				B0D3FD862268A6750077CAE6 /* Compose */,
			);
		};
/* End PBXProject section */

/* Begin PBXResourcesBuildPhase section */
		B0D3FD852268A6750077CAE6 /* Resources */ = {
			isa = PBXResourcesBuildPhase;
			buildActionMask = 2147483647;
			files = (
				B0D3FD952268A6760077CAE6 /* LaunchScreen.storyboard in Resources */,
				B0D3FD922268A6760077CAE6 /* Assets.xcassets in Resources */,
				B0D3FD902268A6750077CAE6 /* Main.storyboard in Resources */,
			);
			runOnlyForDeploymentPostprocessing = 0;
		};
/* End PBXResourcesBuildPhase section */

/* Begin PBXSourcesBuildPhase section */
		B0D3FD832268A6750077CAE6 /* Sources */ = {
			isa = PBXSourcesBuildPhase;
			buildActionMask = 2147483647;
			files = (
				B0D3FD9D2268A74A0077CAE6 /* TableViewController.swift in Sources */,
				B0D3FD9F2268A8930077CAE6 /* Compose.swift in Sources */,
				B0D3FD8B2268A6750077CAE6 /* AppDelegate.swift in Sources */,
			);
			runOnlyForDeploymentPostprocessing = 0;
		};
/* End PBXSourcesBuildPhase section */

/* Begin PBXVariantGroup section */
		B0D3FD8E2268A6750077CAE6 /* Main.storyboard */ = {
			isa = PBXVariantGroup;
			children = (
				B0D3FD8F2268A6750077CAE6 /* Base */,
			);
			name = Main.storyboard;
			sourceTree = "<group>";
		};
		B0D3FD932268A6760077CAE6 /* LaunchScreen.storyboard */ = {
			isa = PBXVariantGroup;
			children = (
				B0D3FD942268A6760077CAE6 /* Base */,
			);
			name = LaunchScreen.storyboard;
			sourceTree = "<group>";
		};
/* End PBXVariantGroup section */

/* Begin XCBuildConfiguration section */
		B0D3FD972268A6760077CAE6 /* Debug */ = {
			isa = XCBuildConfiguration;
			buildSettings = {
				ALWAYS_SEARCH_USER_PATHS = NO;
				CLANG_ANALYZER_NONNULL = YES;
				CLANG_ANALYZER_NUMBER_OBJECT_CONVERSION = YES_AGGRESSIVE;
				CLANG_CXX_LANGUAGE_STANDARD = "gnu++14";
				CLANG_CXX_LIBRARY = "libc++";
				CLANG_ENABLE_MODULES = YES;
				CLANG_ENABLE_OBJC_ARC = YES;
				CLANG_ENABLE_OBJC_WEAK = YES;
				CLANG_WARN_BLOCK_CAPTURE_AUTORELEASING = YES;
				CLANG_WARN_BOOL_CONVERSION = YES;
				CLANG_WARN_COMMA = YES;
				CLANG_WARN_CONSTANT_CONVERSION = YES;
				CLANG_WARN_DEPRECATED_OBJC_IMPLEMENTATIONS = YES;
				CLANG_WARN_DIRECT_OBJC_ISA_USAGE = YES_ERROR;
				CLANG_WARN_DOCUMENTATION_COMMENTS = YES;
				CLANG_WARN_EMPTY_BODY = YES;
				CLANG_WARN_ENUM_CONVERSION = YES;
				CLANG_WARN_INFINITE_RECURSION = YES;
				CLANG_WARN_INT_CONVERSION = YES;
				CLANG_WARN_NON_LITERAL_NULL_CONVERSION = YES;
				CLANG_WARN_OBJC_IMPLICIT_RETAIN_SELF = YES;
				CLANG_WARN_OBJC_LITERAL_CONVERSION = YES;
				CLANG_WARN_OBJC_ROOT_CLASS = YES_ERROR;
				CLANG_WARN_RANGE_LOOP_ANALYSIS = YES;
				CLANG_WARN_STRICT_PROTOTYPES = YES;
				CLANG_WARN_SUSPICIOUS_MOVE = YES;
				CLANG_WARN_UNGUARDED_AVAILABILITY = YES_AGGRESSIVE;
				CLANG_WARN_UNREACHABLE_CODE = YES;
				CLANG_WARN__DUPLICATE_METHOD_MATCH = YES;
				CODE_SIGN_IDENTITY = "iPhone Developer";
				COPY_PHASE_STRIP = NO;
				DEBUG_INFORMATION_FORMAT = dwarf;
				ENABLE_STRICT_OBJC_MSGSEND = YES;
				ENABLE_TESTABILITY = YES;
				GCC_C_LANGUAGE_STANDARD = gnu11;
				GCC_DYNAMIC_NO_PIC = NO;
				GCC_NO_COMMON_BLOCKS = YES;
				GCC_OPTIMIZATION_LEVEL = 0;
				GCC_PREPROCESSOR_DEFINITIONS = (
					"DEBUG=1",
					"$(inherited)",
				);
				GCC_WARN_64_TO_32_BIT_CONVERSION = YES;
				GCC_WARN_ABOUT_RETURN_TYPE = YES_ERROR;
				GCC_WARN_UNDECLARED_SELECTOR = YES;
				GCC_WARN_UNINITIALIZED_AUTOS = YES_AGGRESSIVE;
				GCC_WARN_UNUSED_FUNCTION = YES;
				GCC_WARN_UNUSED_VARIABLE = YES;
				IPHONEOS_DEPLOYMENT_TARGET = 12.2;
				MTL_ENABLE_DEBUG_INFO = INCLUDE_SOURCE;
				MTL_FAST_MATH = YES;
				ONLY_ACTIVE_ARCH = YES;
				SDKROOT = iphoneos;
				SWIFT_ACTIVE_COMPILATION_CONDITIONS = DEBUG;
				SWIFT_OPTIMIZATION_LEVEL = "-Onone";
			};
			name = Debug;
		};
		B0D3FD982268A6760077CAE6 /* Release */ = {
			isa = XCBuildConfiguration;
			buildSettings = {
				ALWAYS_SEARCH_USER_PATHS = NO;
				CLANG_ANALYZER_NONNULL = YES;
				CLANG_ANALYZER_NUMBER_OBJECT_CONVERSION = YES_AGGRESSIVE;
				CLANG_CXX_LANGUAGE_STANDARD = "gnu++14";
				CLANG_CXX_LIBRARY = "libc++";
				CLANG_ENABLE_MODULES = YES;
				CLANG_ENABLE_OBJC_ARC = YES;
				CLANG_ENABLE_OBJC_WEAK = YES;
				CLANG_WARN_BLOCK_CAPTURE_AUTORELEASING = YES;
				CLANG_WARN_BOOL_CONVERSION = YES;
				CLANG_WARN_COMMA = YES;
				CLANG_WARN_CONSTANT_CONVERSION = YES;
				CLANG_WARN_DEPRECATED_OBJC_IMPLEMENTATIONS = YES;
				CLANG_WARN_DIRECT_OBJC_ISA_USAGE = YES_ERROR;
				CLANG_WARN_DOCUMENTATION_COMMENTS = YES;
				CLANG_WARN_EMPTY_BODY = YES;
				CLANG_WARN_ENUM_CONVERSION = YES;
				CLANG_WARN_INFINITE_RECURSION = YES;
				CLANG_WARN_INT_CONVERSION = YES;
				CLANG_WARN_NON_LITERAL_NULL_CONVERSION = YES;
				CLANG_WARN_OBJC_IMPLICIT_RETAIN_SELF = YES;
				CLANG_WARN_OBJC_LITERAL_CONVERSION = YES;
				CLANG_WARN_OBJC_ROOT_CLASS = YES_ERROR;
				CLANG_WARN_RANGE_LOOP_ANALYSIS = YES;
				CLANG_WARN_STRICT_PROTOTYPES = YES;
				CLANG_WARN_SUSPICIOUS_MOVE = YES;
				CLANG_WARN_UNGUARDED_AVAILABILITY = YES_AGGRESSIVE;
				CLANG_WARN_UNREACHABLE_CODE = YES;
				CLANG_WARN__DUPLICATE_METHOD_MATCH = YES;
				CODE_SIGN_IDENTITY = "iPhone Developer";
				COPY_PHASE_STRIP = NO;
				DEBUG_INFORMATION_FORMAT = "dwarf-with-dsym";
				ENABLE_NS_ASSERTIONS = NO;
				ENABLE_STRICT_OBJC_MSGSEND = YES;
				GCC_C_LANGUAGE_STANDARD = gnu11;
				GCC_NO_COMMON_BLOCKS = YES;
				GCC_WARN_64_TO_32_BIT_CONVERSION = YES;
				GCC_WARN_ABOUT_RETURN_TYPE = YES_ERROR;
				GCC_WARN_UNDECLARED_SELECTOR = YES;
				GCC_WARN_UNINITIALIZED_AUTOS = YES_AGGRESSIVE;
				GCC_WARN_UNUSED_FUNCTION = YES;
				GCC_WARN_UNUSED_VARIABLE = YES;
				IPHONEOS_DEPLOYMENT_TARGET = 12.2;
				MTL_ENABLE_DEBUG_INFO = NO;
				MTL_FAST_MATH = YES;
				SDKROOT = iphoneos;
				SWIFT_COMPILATION_MODE = wholemodule;
				SWIFT_OPTIMIZATION_LEVEL = "-O";
				VALIDATE_PRODUCT = YES;
			};
			name = Release;
		};
		B0D3FD9A2268A6760077CAE6 /* Debug */ = {
			isa = XCBuildConfiguration;
			buildSettings = {
				ASSETCATALOG_COMPILER_APPICON_NAME = AppIcon;
				CODE_SIGN_STYLE = Automatic;
				DEVELOPMENT_TEAM = RXJ69EWCMT;
				INFOPLIST_FILE = Compose/Info.plist;
				LD_RUNPATH_SEARCH_PATHS = (
					"$(inherited)",
					"@executable_path/Frameworks",
				);
				PRODUCT_BUNDLE_IDENTIFIER = ozolc.Compose;
				PRODUCT_NAME = "$(TARGET_NAME)";
				SWIFT_VERSION = 5.0;
				TARGETED_DEVICE_FAMILY = "1,2";
			};
			name = Debug;
		};
		B0D3FD9B2268A6760077CAE6 /* Release */ = {
			isa = XCBuildConfiguration;
			buildSettings = {
				ASSETCATALOG_COMPILER_APPICON_NAME = AppIcon;
				CODE_SIGN_STYLE = Automatic;
				DEVELOPMENT_TEAM = RXJ69EWCMT;
				INFOPLIST_FILE = Compose/Info.plist;
				LD_RUNPATH_SEARCH_PATHS = (
					"$(inherited)",
					"@executable_path/Frameworks",
				);
				PRODUCT_BUNDLE_IDENTIFIER = ozolc.Compose;
				PRODUCT_NAME = "$(TARGET_NAME)";
				SWIFT_VERSION = 5.0;
				TARGETED_DEVICE_FAMILY = "1,2";
			};
			name = Release;
		};
/* End XCBuildConfiguration section */

/* Begin XCConfigurationList section */
		B0D3FD822268A6750077CAE6 /* Build configuration list for PBXProject "Compose" */ = {
			isa = XCConfigurationList;
			buildConfigurations = (
				B0D3FD972268A6760077CAE6 /* Debug */,
				B0D3FD982268A6760077CAE6 /* Release */,
			);
			defaultConfigurationIsVisible = 0;
			defaultConfigurationName = Release;
		};
		B0D3FD992268A6760077CAE6 /* Build configuration list for PBXNativeTarget "Compose" */ = {
			isa = XCConfigurationList;
			buildConfigurations = (
				B0D3FD9A2268A6760077CAE6 /* Debug */,
				B0D3FD9B2268A6760077CAE6 /* Release */,
			);
			defaultConfigurationIsVisible = 0;
			defaultConfigurationName = Release;
		};
/* End XCConfigurationList section */
	};
	rootObject = B0D3FD7F2268A6750077CAE6 /* Project object */;
}
