// !$*UTF8*$!
{
	archiveVersion = 1;
	classes = {
	};
	objectVersion = 50;
	objects = {

/* Begin PBXBuildFile section */
		B07CDFF0225C552C0035C053 /* AppDelegate.swift in Sources */ = {isa = PBXBuildFile; fileRef = B07CDFEF225C552C0035C053 /* AppDelegate.swift */; };
		B07CDFF2225C552C0035C053 /* ViewController.swift in Sources */ = {isa = PBXBuildFile; fileRef = B07CDFF1225C552C0035C053 /* ViewController.swift */; };
		B07CDFF5225C552C0035C053 /* Main.storyboard in Resources */ = {isa = PBXBuildFile; fileRef = B07CDFF3225C552C0035C053 /* Main.storyboard */; };
		B07CDFF7225C552D0035C053 /* Assets.xcassets in Resources */ = {isa = PBXBuildFile; fileRef = B07CDFF6225C552D0035C053 /* Assets.xcassets */; };
		B07CDFFA225C552D0035C053 /* LaunchScreen.storyboard in Resources */ = {isa = PBXBuildFile; fileRef = B07CDFF8225C552D0035C053 /* LaunchScreen.storyboard */; };
		B07CE003225C568C0035C053 /* CatalogPresenter.swift in Sources */ = {isa = PBXBuildFile; fileRef = B07CE002225C568C0035C053 /* CatalogPresenter.swift */; };
		B07CE005225C57590035C053 /* CatalogInteractor.swift in Sources */ = {isa = PBXBuildFile; fileRef = B07CE004225C57590035C053 /* CatalogInteractor.swift */; };
		B07CE007225C581F0035C053 /* CatalogViewController.swift in Sources */ = {isa = PBXBuildFile; fileRef = B07CE006225C581F0035C053 /* CatalogViewController.swift */; };
		B07CE009225C59860035C053 /* ModuleBuilder.swift in Sources */ = {isa = PBXBuildFile; fileRef = B07CE008225C59860035C053 /* ModuleBuilder.swift */; };
		B07CE00B225C59D70035C053 /* CatalogBuilder.swift in Sources */ = {isa = PBXBuildFile; fileRef = B07CE00A225C59D70035C053 /* CatalogBuilder.swift */; };
/* End PBXBuildFile section */

/* Begin PBXFileReference section */
		B07CDFEC225C552C0035C053 /* Builder.app */ = {isa = PBXFileReference; explicitFileType = wrapper.application; includeInIndex = 0; path = Builder.app; sourceTree = BUILT_PRODUCTS_DIR; };
		B07CDFEF225C552C0035C053 /* AppDelegate.swift */ = {isa = PBXFileReference; lastKnownFileType = sourcecode.swift; path = AppDelegate.swift; sourceTree = "<group>"; };
		B07CDFF1225C552C0035C053 /* ViewController.swift */ = {isa = PBXFileReference; lastKnownFileType = sourcecode.swift; path = ViewController.swift; sourceTree = "<group>"; };
		B07CDFF4225C552C0035C053 /* Base */ = {isa = PBXFileReference; lastKnownFileType = file.storyboard; name = Base; path = Base.lproj/Main.storyboard; sourceTree = "<group>"; };
		B07CDFF6225C552D0035C053 /* Assets.xcassets */ = {isa = PBXFileReference; lastKnownFileType = folder.assetcatalog; path = Assets.xcassets; sourceTree = "<group>"; };
		B07CDFF9225C552D0035C053 /* Base */ = {isa = PBXFileReference; lastKnownFileType = file.storyboard; name = Base; path = Base.lproj/LaunchScreen.storyboard; sourceTree = "<group>"; };
		B07CDFFB225C552D0035C053 /* Info.plist */ = {isa = PBXFileReference; lastKnownFileType = text.plist.xml; path = Info.plist; sourceTree = "<group>"; };
		B07CE002225C568C0035C053 /* CatalogPresenter.swift */ = {isa = PBXFileReference; lastKnownFileType = sourcecode.swift; path = CatalogPresenter.swift; sourceTree = "<group>"; };
		B07CE004225C57590035C053 /* CatalogInteractor.swift */ = {isa = PBXFileReference; lastKnownFileType = sourcecode.swift; path = CatalogInteractor.swift; sourceTree = "<group>"; };
		B07CE006225C581F0035C053 /* CatalogViewController.swift */ = {isa = PBXFileReference; lastKnownFileType = sourcecode.swift; path = CatalogViewController.swift; sourceTree = "<group>"; };
		B07CE008225C59860035C053 /* ModuleBuilder.swift */ = {isa = PBXFileReference; lastKnownFileType = sourcecode.swift; path = ModuleBuilder.swift; sourceTree = "<group>"; };
		B07CE00A225C59D70035C053 /* CatalogBuilder.swift */ = {isa = PBXFileReference; lastKnownFileType = sourcecode.swift; path = CatalogBuilder.swift; sourceTree = "<group>"; };
/* End PBXFileReference section */

/* Begin PBXFrameworksBuildPhase section */
		B07CDFE9225C552C0035C053 /* Frameworks */ = {
			isa = PBXFrameworksBuildPhase;
			buildActionMask = 2147483647;
			files = (
			);
			runOnlyForDeploymentPostprocessing = 0;
		};
/* End PBXFrameworksBuildPhase section */

/* Begin PBXGroup section */
		B07CDFE3225C552C0035C053 = {
			isa = PBXGroup;
			children = (
				B07CDFEE225C552C0035C053 /* Builder */,
				B07CDFED225C552C0035C053 /* Products */,
			);
			sourceTree = "<group>";
		};
		B07CDFED225C552C0035C053 /* Products */ = {
			isa = PBXGroup;
			children = (
				B07CDFEC225C552C0035C053 /* Builder.app */,
			);
			name = Products;
			sourceTree = "<group>";
		};
		B07CDFEE225C552C0035C053 /* Builder */ = {
			isa = PBXGroup;
			children = (
				B07CDFFB225C552D0035C053 /* Info.plist */,
				B07CDFF6225C552D0035C053 /* Assets.xcassets */,
				B07CE00C225C5C5E0035C053 /* Source */,
				B07CE001225C564F0035C053 /* Catalog */,
				B07CDFF8225C552D0035C053 /* LaunchScreen.storyboard */,
				B07CDFF3225C552C0035C053 /* Main.storyboard */,
			);
			path = Builder;
			sourceTree = "<group>";
		};
		B07CE001225C564F0035C053 /* Catalog */ = {
			isa = PBXGroup;
			children = (
				B07CE002225C568C0035C053 /* CatalogPresenter.swift */,
				B07CE004225C57590035C053 /* CatalogInteractor.swift */,
				B07CE006225C581F0035C053 /* CatalogViewController.swift */,
				B07CE00A225C59D70035C053 /* CatalogBuilder.swift */,
			);
			path = Catalog;
			sourceTree = "<group>";
		};
		B07CE00C225C5C5E0035C053 /* Source */ = {
			isa = PBXGroup;
			children = (
				B07CDFEF225C552C0035C053 /* AppDelegate.swift */,
				B07CE008225C59860035C053 /* ModuleBuilder.swift */,
				B07CDFF1225C552C0035C053 /* ViewController.swift */,
			);
			path = Source;
			sourceTree = "<group>";
		};
/* End PBXGroup section */

/* Begin PBXNativeTarget section */
		B07CDFEB225C552C0035C053 /* Builder */ = {
			isa = PBXNativeTarget;
			buildConfigurationList = B07CDFFE225C552D0035C053 /* Build configuration list for PBXNativeTarget "Builder" */;
			buildPhases = (
				B07CDFE8225C552C0035C053 /* Sources */,
				B07CDFE9225C552C0035C053 /* Frameworks */,
				B07CDFEA225C552C0035C053 /* Resources */,
			);
			buildRules = (
			);
			dependencies = (
			);
			name = Builder;
			productName = Builder;
			productReference = B07CDFEC225C552C0035C053 /* Builder.app */;
			productType = "com.apple.product-type.application";
		};
/* End PBXNativeTarget section */

/* Begin PBXProject section */
		B07CDFE4225C552C0035C053 /* Project object */ = {
			isa = PBXProject;
			attributes = {
				LastSwiftUpdateCheck = 1020;
				LastUpgradeCheck = 1020;
				ORGANIZATIONNAME = "Maksim Nosov";
				TargetAttributes = {
					B07CDFEB225C552C0035C053 = {
						CreatedOnToolsVersion = 10.2;
					};
				};
			};
			buildConfigurationList = B07CDFE7225C552C0035C053 /* Build configuration list for PBXProject "Builder" */;
			compatibilityVersion = "Xcode 9.3";
			developmentRegion = en;
			hasScannedForEncodings = 0;
			knownRegions = (
				en,
				Base,
			);
			mainGroup = B07CDFE3225C552C0035C053;
			productRefGroup = B07CDFED225C552C0035C053 /* Products */;
			projectDirPath = "";
			projectRoot = "";
			targets = (
				B07CDFEB225C552C0035C053 /* Builder */,
			);
		};
/* End PBXProject section */

/* Begin PBXResourcesBuildPhase section */
		B07CDFEA225C552C0035C053 /* Resources */ = {
			isa = PBXResourcesBuildPhase;
			buildActionMask = 2147483647;
			files = (
				B07CDFFA225C552D0035C053 /* LaunchScreen.storyboard in Resources */,
				B07CDFF7225C552D0035C053 /* Assets.xcassets in Resources */,
				B07CDFF5225C552C0035C053 /* Main.storyboard in Resources */,
			);
			runOnlyForDeploymentPostprocessing = 0;
		};
/* End PBXResourcesBuildPhase section */

/* Begin PBXSourcesBuildPhase section */
		B07CDFE8225C552C0035C053 /* Sources */ = {
			isa = PBXSourcesBuildPhase;
			buildActionMask = 2147483647;
			files = (
				B07CE007225C581F0035C053 /* CatalogViewController.swift in Sources */,
				B07CE005225C57590035C053 /* CatalogInteractor.swift in Sources */,
				B07CDFF2225C552C0035C053 /* ViewController.swift in Sources */,
				B07CDFF0225C552C0035C053 /* AppDelegate.swift in Sources */,
				B07CE003225C568C0035C053 /* CatalogPresenter.swift in Sources */,
				B07CE00B225C59D70035C053 /* CatalogBuilder.swift in Sources */,
				B07CE009225C59860035C053 /* ModuleBuilder.swift in Sources */,
			);
			runOnlyForDeploymentPostprocessing = 0;
		};
/* End PBXSourcesBuildPhase section */

/* Begin PBXVariantGroup section */
		B07CDFF3225C552C0035C053 /* Main.storyboard */ = {
			isa = PBXVariantGroup;
			children = (
				B07CDFF4225C552C0035C053 /* Base */,
			);
			name = Main.storyboard;
			sourceTree = "<group>";
		};
		B07CDFF8225C552D0035C053 /* LaunchScreen.storyboard */ = {
			isa = PBXVariantGroup;
			children = (
				B07CDFF9225C552D0035C053 /* Base */,
			);
			name = LaunchScreen.storyboard;
			sourceTree = "<group>";
		};
/* End PBXVariantGroup section */

/* Begin XCBuildConfiguration section */
		B07CDFFC225C552D0035C053 /* Debug */ = {
			isa = XCBuildConfiguration;
			buildSettings = {
				ALWAYS_SEARCH_USER_PATHS = NO;
				CLANG_ANALYZER_NONNULL = YES;
				CLANG_ANALYZER_NUMBER_OBJECT_CONVERSION = YES_AGGRESSIVE;
				CLANG_CXX_LANGUAGE_STANDARD = "gnu++14";
				CLANG_CXX_LIBRARY = "libc++";
				CLANG_ENABLE_MODULES = YES;
				CLANG_ENABLE_OBJC_ARC = YES;
				CLANG_ENABLE_OBJC_WEAK = YES;
				CLANG_WARN_BLOCK_CAPTURE_AUTORELEASING = YES;
				CLANG_WARN_BOOL_CONVERSION = YES;
				CLANG_WARN_COMMA = YES;
				CLANG_WARN_CONSTANT_CONVERSION = YES;
				CLANG_WARN_DEPRECATED_OBJC_IMPLEMENTATIONS = YES;
				CLANG_WARN_DIRECT_OBJC_ISA_USAGE = YES_ERROR;
				CLANG_WARN_DOCUMENTATION_COMMENTS = YES;
				CLANG_WARN_EMPTY_BODY = YES;
				CLANG_WARN_ENUM_CONVERSION = YES;
				CLANG_WARN_INFINITE_RECURSION = YES;
				CLANG_WARN_INT_CONVERSION = YES;
				CLANG_WARN_NON_LITERAL_NULL_CONVERSION = YES;
				CLANG_WARN_OBJC_IMPLICIT_RETAIN_SELF = YES;
				CLANG_WARN_OBJC_LITERAL_CONVERSION = YES;
				CLANG_WARN_OBJC_ROOT_CLASS = YES_ERROR;
				CLANG_WARN_RANGE_LOOP_ANALYSIS = YES;
				CLANG_WARN_STRICT_PROTOTYPES = YES;
				CLANG_WARN_SUSPICIOUS_MOVE = YES;
				CLANG_WARN_UNGUARDED_AVAILABILITY = YES_AGGRESSIVE;
				CLANG_WARN_UNREACHABLE_CODE = YES;
				CLANG_WARN__DUPLICATE_METHOD_MATCH = YES;
				CODE_SIGN_IDENTITY = "iPhone Developer";
				COPY_PHASE_STRIP = NO;
				DEBUG_INFORMATION_FORMAT = dwarf;
				ENABLE_STRICT_OBJC_MSGSEND = YES;
				ENABLE_TESTABILITY = YES;
				GCC_C_LANGUAGE_STANDARD = gnu11;
				GCC_DYNAMIC_NO_PIC = NO;
				GCC_NO_COMMON_BLOCKS = YES;
				GCC_OPTIMIZATION_LEVEL = 0;
				GCC_PREPROCESSOR_DEFINITIONS = (
					"DEBUG=1",
					"$(inherited)",
				);
				GCC_WARN_64_TO_32_BIT_CONVERSION = YES;
				GCC_WARN_ABOUT_RETURN_TYPE = YES_ERROR;
				GCC_WARN_UNDECLARED_SELECTOR = YES;
				GCC_WARN_UNINITIALIZED_AUTOS = YES_AGGRESSIVE;
				GCC_WARN_UNUSED_FUNCTION = YES;
				GCC_WARN_UNUSED_VARIABLE = YES;
				IPHONEOS_DEPLOYMENT_TARGET = 12.2;
				MTL_ENABLE_DEBUG_INFO = INCLUDE_SOURCE;
				MTL_FAST_MATH = YES;
				ONLY_ACTIVE_ARCH = YES;
				SDKROOT = iphoneos;
				SWIFT_ACTIVE_COMPILATION_CONDITIONS = DEBUG;
				SWIFT_OPTIMIZATION_LEVEL = "-Onone";
			};
			name = Debug;
		};
		B07CDFFD225C552D0035C053 /* Release */ = {
			isa = XCBuildConfiguration;
			buildSettings = {
				ALWAYS_SEARCH_USER_PATHS = NO;
				CLANG_ANALYZER_NONNULL = YES;
				CLANG_ANALYZER_NUMBER_OBJECT_CONVERSION = YES_AGGRESSIVE;
				CLANG_CXX_LANGUAGE_STANDARD = "gnu++14";
				CLANG_CXX_LIBRARY = "libc++";
				CLANG_ENABLE_MODULES = YES;
				CLANG_ENABLE_OBJC_ARC = YES;
				CLANG_ENABLE_OBJC_WEAK = YES;
				CLANG_WARN_BLOCK_CAPTURE_AUTORELEASING = YES;
				CLANG_WARN_BOOL_CONVERSION = YES;
				CLANG_WARN_COMMA = YES;
				CLANG_WARN_CONSTANT_CONVERSION = YES;
				CLANG_WARN_DEPRECATED_OBJC_IMPLEMENTATIONS = YES;
				CLANG_WARN_DIRECT_OBJC_ISA_USAGE = YES_ERROR;
				CLANG_WARN_DOCUMENTATION_COMMENTS = YES;
				CLANG_WARN_EMPTY_BODY = YES;
				CLANG_WARN_ENUM_CONVERSION = YES;
				CLANG_WARN_INFINITE_RECURSION = YES;
				CLANG_WARN_INT_CONVERSION = YES;
				CLANG_WARN_NON_LITERAL_NULL_CONVERSION = YES;
				CLANG_WARN_OBJC_IMPLICIT_RETAIN_SELF = YES;
				CLANG_WARN_OBJC_LITERAL_CONVERSION = YES;
				CLANG_WARN_OBJC_ROOT_CLASS = YES_ERROR;
				CLANG_WARN_RANGE_LOOP_ANALYSIS = YES;
				CLANG_WARN_STRICT_PROTOTYPES = YES;
				CLANG_WARN_SUSPICIOUS_MOVE = YES;
				CLANG_WARN_UNGUARDED_AVAILABILITY = YES_AGGRESSIVE;
				CLANG_WARN_UNREACHABLE_CODE = YES;
				CLANG_WARN__DUPLICATE_METHOD_MATCH = YES;
				CODE_SIGN_IDENTITY = "iPhone Developer";
				COPY_PHASE_STRIP = NO;
				DEBUG_INFORMATION_FORMAT = "dwarf-with-dsym";
				ENABLE_NS_ASSERTIONS = NO;
				ENABLE_STRICT_OBJC_MSGSEND = YES;
				GCC_C_LANGUAGE_STANDARD = gnu11;
				GCC_NO_COMMON_BLOCKS = YES;
				GCC_WARN_64_TO_32_BIT_CONVERSION = YES;
				GCC_WARN_ABOUT_RETURN_TYPE = YES_ERROR;
				GCC_WARN_UNDECLARED_SELECTOR = YES;
				GCC_WARN_UNINITIALIZED_AUTOS = YES_AGGRESSIVE;
				GCC_WARN_UNUSED_FUNCTION = YES;
				GCC_WARN_UNUSED_VARIABLE = YES;
				IPHONEOS_DEPLOYMENT_TARGET = 12.2;
				MTL_ENABLE_DEBUG_INFO = NO;
				MTL_FAST_MATH = YES;
				SDKROOT = iphoneos;
				SWIFT_COMPILATION_MODE = wholemodule;
				SWIFT_OPTIMIZATION_LEVEL = "-O";
				VALIDATE_PRODUCT = YES;
			};
			name = Release;
		};
		B07CDFFF225C552D0035C053 /* Debug */ = {
			isa = XCBuildConfiguration;
			buildSettings = {
				ASSETCATALOG_COMPILER_APPICON_NAME = AppIcon;
				CODE_SIGN_STYLE = Automatic;
				DEVELOPMENT_TEAM = RXJ69EWCMT;
				INFOPLIST_FILE = Builder/Info.plist;
				LD_RUNPATH_SEARCH_PATHS = (
					"$(inherited)",
					"@executable_path/Frameworks",
				);
				PRODUCT_BUNDLE_IDENTIFIER = ozolc.Builder;
				PRODUCT_NAME = "$(TARGET_NAME)";
				SWIFT_VERSION = 5.0;
				TARGETED_DEVICE_FAMILY = "1,2";
			};
			name = Debug;
		};
		B07CE000225C552D0035C053 /* Release */ = {
			isa = XCBuildConfiguration;
			buildSettings = {
				ASSETCATALOG_COMPILER_APPICON_NAME = AppIcon;
				CODE_SIGN_STYLE = Automatic;
				DEVELOPMENT_TEAM = RXJ69EWCMT;
				INFOPLIST_FILE = Builder/Info.plist;
				LD_RUNPATH_SEARCH_PATHS = (
					"$(inherited)",
					"@executable_path/Frameworks",
				);
				PRODUCT_BUNDLE_IDENTIFIER = ozolc.Builder;
				PRODUCT_NAME = "$(TARGET_NAME)";
				SWIFT_VERSION = 5.0;
				TARGETED_DEVICE_FAMILY = "1,2";
			};
			name = Release;
		};
/* End XCBuildConfiguration section */

/* Begin XCConfigurationList section */
		B07CDFE7225C552C0035C053 /* Build configuration list for PBXProject "Builder" */ = {
			isa = XCConfigurationList;
			buildConfigurations = (
				B07CDFFC225C552D0035C053 /* Debug */,
				B07CDFFD225C552D0035C053 /* Release */,
			);
			defaultConfigurationIsVisible = 0;
			defaultConfigurationName = Release;
		};
		B07CDFFE225C552D0035C053 /* Build configuration list for PBXNativeTarget "Builder" */ = {
			isa = XCConfigurationList;
			buildConfigurations = (
				B07CDFFF225C552D0035C053 /* Debug */,
				B07CE000225C552D0035C053 /* Release */,
			);
			defaultConfigurationIsVisible = 0;
			defaultConfigurationName = Release;
		};
/* End XCConfigurationList section */
	};
	rootObject = B07CDFE4225C552C0035C053 /* Project object */;
}
